<?xml version="1.0" encoding="utf-8"?>
<Project ToolsVersion="4.0" xmlns="http://schemas.microsoft.com/developer/msbuild/2003">
  <ItemGroup>
    <Filter Include="99.Superclass">
      <UniqueIdentifier>{b8322fd3-2901-4a24-8601-0838b13a3414}</UniqueIdentifier>
    </Filter>
    <Filter Include="99.Headers">
      <UniqueIdentifier>{662023b2-5b4a-4cbf-b6ee-f5cc44576d29}</UniqueIdentifier>
    </Filter>
    <Filter Include="99.Default">
      <UniqueIdentifier>{8680fc00-001e-49dd-9eb4-41785db8269f}</UniqueIdentifier>
    </Filter>
    <Filter Include="01.Utility">
      <UniqueIdentifier>{4834ceab-427a-464a-a51a-a5a55c0f485d}</UniqueIdentifier>
    </Filter>
    <Filter Include="01.Utility\01.Utilities">
      <UniqueIdentifier>{91ea33e8-d413-4990-b98d-745b877377dc}</UniqueIdentifier>
    </Filter>
    <Filter Include="00.Systems">
      <UniqueIdentifier>{e6233cb0-6f95-479b-bee0-7b7776813b6e}</UniqueIdentifier>
    </Filter>
    <Filter Include="00.Systems\00.Graphic_Device">
      <UniqueIdentifier>{e127543e-209b-452c-ad11-2f7a12efddc9}</UniqueIdentifier>
    </Filter>
    <Filter Include="00.Systems\01.Timer">
      <UniqueIdentifier>{a5cc3eee-2fe8-4b5f-be96-6a4c1b3b5f88}</UniqueIdentifier>
    </Filter>
    <Filter Include="00.Systems\02.Input_Device">
      <UniqueIdentifier>{ab393fd3-4e11-4f4a-861c-137fea33a0f5}</UniqueIdentifier>
    </Filter>
    <Filter Include="01.Utility\02. Components">
      <UniqueIdentifier>{49fff3e6-c1f2-41e5-a06c-6573db305fbf}</UniqueIdentifier>
    </Filter>
    <Filter Include="01.Utility\02. Components\02. VIBuffer">
      <UniqueIdentifier>{4f7f886e-3b60-4fa3-ae53-9f1066e119f3}</UniqueIdentifier>
    </Filter>
    <Filter Include="01.Utility\02. Components\02. VIBuffer\VIBuffer_Geos">
      <UniqueIdentifier>{b994ab14-5da5-40fc-b283-6e28a2a8e5d1}</UniqueIdentifier>
    </Filter>
    <Filter Include="01.Utility\01.Utilities\00.UploadBuffer">
      <UniqueIdentifier>{bc6d0557-d167-4595-b686-a66c674eabbf}</UniqueIdentifier>
    </Filter>
    <Filter Include="00.Systems\03.RootSignature">
      <UniqueIdentifier>{c61dae0a-26f8-46b1-bee9-1be84eea7d08}</UniqueIdentifier>
    </Filter>
    <Filter Include="00.Systems\04.Shader">
      <UniqueIdentifier>{0237559c-db52-4209-9b6e-da30d08b1d33}</UniqueIdentifier>
    </Filter>
    <Filter Include="00.Systems\04.Shader\ShaderMgr">
      <UniqueIdentifier>{e67329cc-04f6-426c-8e66-e54accc305e7}</UniqueIdentifier>
    </Filter>
    <Filter Include="01.Utility\02. Components\01. Transform">
      <UniqueIdentifier>{f7b4e7df-87bc-46a4-b1f9-6e1cba890d40}</UniqueIdentifier>
    </Filter>
    <Filter Include="01.Utility\03.GameObject">
      <UniqueIdentifier>{5b7b3bbd-2613-4e0a-83c8-4cd3f828e694}</UniqueIdentifier>
    </Filter>
    <Filter Include="01.Utility\03.GameObject\00.RenderObject">
      <UniqueIdentifier>{770debb2-a26a-434c-9aff-fcb8c0bd194e}</UniqueIdentifier>
    </Filter>
    <Filter Include="00.Systems\05.PSO">
      <UniqueIdentifier>{a62f7c55-fce7-490a-ae71-89c464d52232}</UniqueIdentifier>
    </Filter>
    <Filter Include="00.Systems\06.FrameResource">
      <UniqueIdentifier>{d9689417-960c-4d25-b95b-eb76eb92495b}</UniqueIdentifier>
    </Filter>
    <Filter Include="01.Utility\02. Components\03. Renderer">
      <UniqueIdentifier>{5076078e-d62f-4180-977c-90129a364012}</UniqueIdentifier>
    </Filter>
    <Filter Include="00.Systems\06.FrameResource\FrameResourceMgr">
      <UniqueIdentifier>{c8bb1790-876b-4e00-b435-d657f9221717}</UniqueIdentifier>
    </Filter>
    <Filter Include="00.Systems\05.PSO\PSOMgr">
      <UniqueIdentifier>{a9f2ecf1-5b45-4d33-9a01-7696df1ffe86}</UniqueIdentifier>
    </Filter>
    <Filter Include="01.Utility\03.GameObject\99.ObjectMgr">
      <UniqueIdentifier>{8fba7087-b0f9-4367-a71b-449224942641}</UniqueIdentifier>
    </Filter>
    <Filter Include="01.Utility\02. Components\99.ComponentMgr">
      <UniqueIdentifier>{bb5d7234-4b2f-417c-8111-c725fabb3084}</UniqueIdentifier>
    </Filter>
    <Filter Include="00.GameInstance">
      <UniqueIdentifier>{5caa5732-8456-4773-8b7b-c4751a5b84f8}</UniqueIdentifier>
    </Filter>
    <Filter Include="01.Utility\03.GameObject\01.Camera">
      <UniqueIdentifier>{b911cd1f-0afb-48d9-b65f-9db39bf19fdd}</UniqueIdentifier>
    </Filter>
    <Filter Include="01.Utility\02. Components\02. VIBuffer\VIBuffer_Terrain">
      <UniqueIdentifier>{d6b9b3ac-405c-4c48-9b27-9ed852d47e0d}</UniqueIdentifier>
    </Filter>
    <Filter Include="00.Systems\02.Input_Device\Raw_Input">
      <UniqueIdentifier>{7a724010-afbb-4bc2-acdd-6ac9231dcd6c}</UniqueIdentifier>
    </Filter>
    <Filter Include="00.Systems\02.Input_Device\DirectInput">
      <UniqueIdentifier>{69fbb1a3-59a8-4796-b06c-5e0d266febda}</UniqueIdentifier>
    </Filter>
    <Filter Include="01.Utility\02. Components\03.Model">
      <UniqueIdentifier>{618b9891-e7cd-4ebc-831c-a5418ca1ec8f}</UniqueIdentifier>
    </Filter>
    <Filter Include="01.Utility\02. Components\03.Model\Mesh">
      <UniqueIdentifier>{4e48a025-9434-4a64-b654-a8835e192dc7}</UniqueIdentifier>
    </Filter>
    <Filter Include="01.Utility\02. Components\03.Model\Bone">
      <UniqueIdentifier>{86f04205-e6ca-45bc-b6d6-16523ae348cb}</UniqueIdentifier>
    </Filter>
    <Filter Include="01.Utility\02. Components\05.Texture">
      <UniqueIdentifier>{304a71a7-8329-4d06-b8bc-96cd828a7946}</UniqueIdentifier>
    </Filter>
    <Filter Include="00.Systems\03.RootSignature\RootSignatureMgr">
      <UniqueIdentifier>{6bc71d99-234a-4b79-8997-09a9b1676ea9}</UniqueIdentifier>
    </Filter>
    <Filter Include="01.Utility\02. Components\05.Texture\TextureMgr">
      <UniqueIdentifier>{0d7adc50-32fe-4a35-96c2-45effc7d14de}</UniqueIdentifier>
    </Filter>
    <Filter Include="01.Utility\02. Components\06.MaterialMgr">
      <UniqueIdentifier>{a933b505-5fb2-4778-9028-979376fa546c}</UniqueIdentifier>
    </Filter>
    <Filter Include="00.Systems\03.RootSignature\임시루트시그니쳐">
      <UniqueIdentifier>{ef7f03b4-9b4f-4eb1-bed3-782be5fa1104}</UniqueIdentifier>
    </Filter>
  </ItemGroup>
  <ItemGroup>
    <ClInclude Include="..\public\Base.h">
      <Filter>99.Superclass</Filter>
    </ClInclude>
    <ClInclude Include="..\Public\Engine_Defines.h">
      <Filter>99.Headers</Filter>
    </ClInclude>
    <ClInclude Include="..\Public\Engine_Macro.h">
      <Filter>99.Headers</Filter>
    </ClInclude>
    <ClInclude Include="..\public\Graphic_Device.h">
      <Filter>00.Systems\00.Graphic_Device</Filter>
    </ClInclude>
    <ClInclude Include="..\Public\d3dUtil.h">
      <Filter>01.Utility\01.Utilities</Filter>
    </ClInclude>
    <ClInclude Include="..\Public\DDSTextureLoader.h">
      <Filter>01.Utility\01.Utilities</Filter>
    </ClInclude>
    <ClInclude Include="..\Public\GeometryGenerator.h">
      <Filter>01.Utility\01.Utilities</Filter>
    </ClInclude>
    <ClInclude Include="..\Public\MathHelper.h">
      <Filter>01.Utility\01.Utilities</Filter>
    </ClInclude>
    <ClInclude Include="..\Public\Engine_Function.h">
      <Filter>99.Headers</Filter>
    </ClInclude>
    <ClInclude Include="..\public\Timer.h">
      <Filter>00.Systems\01.Timer</Filter>
    </ClInclude>
    <ClInclude Include="..\public\Component.h">
      <Filter>01.Utility\02. Components</Filter>
    </ClInclude>
    <ClInclude Include="..\public\VIBuffer.h">
      <Filter>01.Utility\02. Components\02. VIBuffer</Filter>
    </ClInclude>
    <ClInclude Include="..\Public\Engine_Struct.h">
      <Filter>99.Headers</Filter>
    </ClInclude>
    <ClInclude Include="..\public\VIBuffer_Geos.h">
      <Filter>01.Utility\02. Components\02. VIBuffer\VIBuffer_Geos</Filter>
    </ClInclude>
    <ClInclude Include="..\public\UploadBuffer.hpp">
      <Filter>01.Utility\01.Utilities\00.UploadBuffer</Filter>
    </ClInclude>
    <ClInclude Include="..\public\Shader.h">
      <Filter>00.Systems\04.Shader</Filter>
    </ClInclude>
    <ClInclude Include="..\public\Shader_Mgr.h">
      <Filter>00.Systems\04.Shader\ShaderMgr</Filter>
    </ClInclude>
    <ClInclude Include="..\public\Transform.h">
      <Filter>01.Utility\02. Components\01. Transform</Filter>
    </ClInclude>
    <ClInclude Include="..\public\GameObject.h">
      <Filter>01.Utility\03.GameObject</Filter>
    </ClInclude>
    <ClInclude Include="..\public\RenderObject.h">
      <Filter>01.Utility\03.GameObject\00.RenderObject</Filter>
    </ClInclude>
    <ClInclude Include="..\public\PSO.h">
      <Filter>00.Systems\05.PSO</Filter>
    </ClInclude>
    <ClInclude Include="..\public\FrameResource.h">
      <Filter>00.Systems\06.FrameResource</Filter>
    </ClInclude>
    <ClInclude Include="..\Public\Renderer.h">
      <Filter>01.Utility\02. Components\03. Renderer</Filter>
    </ClInclude>
    <ClInclude Include="..\public\PSOMgr.h">
      <Filter>00.Systems\05.PSO\PSOMgr</Filter>
    </ClInclude>
    <ClInclude Include="..\public\FrameResourceMgr.h">
      <Filter>00.Systems\06.FrameResource\FrameResourceMgr</Filter>
    </ClInclude>
    <ClInclude Include="..\public\ComponentMgr.h">
      <Filter>01.Utility\02. Components\99.ComponentMgr</Filter>
    </ClInclude>
    <ClInclude Include="..\public\Camera.h">
      <Filter>01.Utility\03.GameObject\01.Camera</Filter>
    </ClInclude>
    <ClInclude Include="..\Public\ObjectMgr.h">
      <Filter>01.Utility\03.GameObject\99.ObjectMgr</Filter>
    </ClInclude>
    <ClInclude Include="..\Public\GameInstance.h">
      <Filter>00.GameInstance</Filter>
    </ClInclude>
    <ClInclude Include="..\public\VIBuffer_Terrain.h">
      <Filter>01.Utility\02. Components\02. VIBuffer\VIBuffer_Terrain</Filter>
    </ClInclude>
    <ClInclude Include="..\public\Raw_Input.h">
      <Filter>00.Systems\02.Input_Device\Raw_Input</Filter>
    </ClInclude>
    <ClInclude Include="..\Public\Input_Device.h">
      <Filter>00.Systems\02.Input_Device\DirectInput</Filter>
    </ClInclude>
    <ClInclude Include="..\Public\Mesh.h">
      <Filter>01.Utility\02. Components\03.Model\Mesh</Filter>
    </ClInclude>
    <ClInclude Include="..\Public\Bone.h">
      <Filter>01.Utility\02. Components\03.Model\Bone</Filter>
    </ClInclude>
    <ClInclude Include="..\Public\Engine_Typedef.h">
      <Filter>99.Headers</Filter>
    </ClInclude>
    <ClInclude Include="..\public\RootSignatureMgr.h">
      <Filter>00.Systems\03.RootSignature\RootSignatureMgr</Filter>
    </ClInclude>
    <ClInclude Include="..\public\MaterialMgr.h">
      <Filter>01.Utility\02. Components\06.MaterialMgr</Filter>
    </ClInclude>
    <ClInclude Include="..\Public\TextureMgr.h">
      <Filter>01.Utility\02. Components\05.Texture\TextureMgr</Filter>
    </ClInclude>
    <ClInclude Include="..\public\Texture.h">
      <Filter>01.Utility\02. Components\05.Texture</Filter>
    </ClInclude>
    <ClInclude Include="..\Public\Model.h">
      <Filter>01.Utility\02. Components\03.Model</Filter>
    </ClInclude>
    <ClInclude Include="..\public\RootSignature.h">
      <Filter>00.Systems\03.RootSignature\임시루트시그니쳐</Filter>
    </ClInclude>
  </ItemGroup>
  <ItemGroup>
    <ClCompile Include="dllmain.cpp">
      <Filter>99.Default</Filter>
    </ClCompile>
    <ClCompile Include="..\private\Base.cpp">
      <Filter>99.Superclass</Filter>
    </ClCompile>
    <ClCompile Include="..\private\GameInstance.cpp">
      <Filter>00.GameInstance</Filter>
    </ClCompile>
    <ClCompile Include="..\private\Graphic_Device.cpp">
      <Filter>00.Systems\00.Graphic_Device</Filter>
    </ClCompile>
    <ClCompile Include="..\Private\d3dUtil.cpp">
      <Filter>01.Utility\01.Utilities</Filter>
    </ClCompile>
    <ClCompile Include="..\Private\DDSTextureLoader.cpp">
      <Filter>01.Utility\01.Utilities</Filter>
    </ClCompile>
    <ClCompile Include="..\Private\GeometryGenerator.cpp">
      <Filter>01.Utility\01.Utilities</Filter>
    </ClCompile>
    <ClCompile Include="..\Private\MathHelper.cpp">
      <Filter>01.Utility\01.Utilities</Filter>
    </ClCompile>
    <ClCompile Include="..\private\Timer.cpp">
      <Filter>00.Systems\01.Timer</Filter>
    </ClCompile>
    <ClCompile Include="..\private\Component.cpp">
      <Filter>01.Utility\02. Components</Filter>
    </ClCompile>
    <ClCompile Include="..\private\VIBuffer.cpp">
      <Filter>01.Utility\02. Components\02. VIBuffer</Filter>
    </ClCompile>
    <ClCompile Include="..\Private\Engine_Struct.cpp">
      <Filter>99.Headers</Filter>
    </ClCompile>
    <ClCompile Include="..\private\VIBuffer_Geos.cpp">
      <Filter>01.Utility\02. Components\02. VIBuffer\VIBuffer_Geos</Filter>
    </ClCompile>
    <ClCompile Include="..\private\Shader.cpp">
      <Filter>00.Systems\04.Shader</Filter>
    </ClCompile>
    <ClCompile Include="..\private\Shader_Mgr.cpp">
      <Filter>00.Systems\04.Shader\ShaderMgr</Filter>
    </ClCompile>
    <ClCompile Include="..\private\Transform.cpp">
      <Filter>01.Utility\02. Components\01. Transform</Filter>
    </ClCompile>
    <ClCompile Include="..\private\GameObject.cpp">
      <Filter>01.Utility\03.GameObject</Filter>
    </ClCompile>
    <ClCompile Include="..\private\RenderObject.cpp">
      <Filter>01.Utility\03.GameObject\00.RenderObject</Filter>
    </ClCompile>
    <ClCompile Include="..\private\PSO.cpp">
      <Filter>00.Systems\05.PSO</Filter>
    </ClCompile>
    <ClCompile Include="..\private\FrameResource.cpp">
      <Filter>00.Systems\06.FrameResource</Filter>
    </ClCompile>
    <ClCompile Include="..\Private\Renderer.cpp">
      <Filter>01.Utility\02. Components\03. Renderer</Filter>
    </ClCompile>
    <ClCompile Include="..\private\PSOMgr.cpp">
      <Filter>00.Systems\05.PSO\PSOMgr</Filter>
    </ClCompile>
    <ClCompile Include="..\private\FrameResourceMgr.cpp">
      <Filter>00.Systems\06.FrameResource\FrameResourceMgr</Filter>
    </ClCompile>
    <ClCompile Include="..\private\ComponentMgr.cpp">
      <Filter>01.Utility\02. Components\99.ComponentMgr</Filter>
    </ClCompile>
    <ClCompile Include="..\private\Camera.cpp">
      <Filter>01.Utility\03.GameObject\01.Camera</Filter>
    </ClCompile>
    <ClCompile Include="..\Private\ObjectMgr.cpp">
      <Filter>01.Utility\03.GameObject\99.ObjectMgr</Filter>
    </ClCompile>
    <ClCompile Include="..\private\VIBuffer_Terrain.cpp">
      <Filter>01.Utility\02. Components\02. VIBuffer\VIBuffer_Terrain</Filter>
    </ClCompile>
    <ClCompile Include="..\private\Raw_Input.cpp">
      <Filter>00.Systems\02.Input_Device\Raw_Input</Filter>
    </ClCompile>
    <ClCompile Include="..\Private\Input_Device.cpp">
      <Filter>00.Systems\02.Input_Device\DirectInput</Filter>
    </ClCompile>
    <ClCompile Include="..\Private\Model.cpp">
      <Filter>01.Utility\02. Components\03.Model</Filter>
    </ClCompile>
    <ClCompile Include="..\Private\Mesh.cpp">
      <Filter>01.Utility\02. Components\03.Model\Mesh</Filter>
    </ClCompile>
    <ClCompile Include="..\Private\Bone.cpp">
      <Filter>01.Utility\02. Components\03.Model\Bone</Filter>
    </ClCompile>
    <ClCompile Include="..\private\RootSignatureMgr.cpp">
      <Filter>00.Systems\03.RootSignature\RootSignatureMgr</Filter>
    </ClCompile>
    <ClCompile Include="..\private\MaterialMgr.cpp">
      <Filter>01.Utility\02. Components\06.MaterialMgr</Filter>
    </ClCompile>
    <ClCompile Include="..\Private\TextureMgr.cpp">
      <Filter>01.Utility\02. Components\05.Texture\TextureMgr</Filter>
    </ClCompile>
    <ClCompile Include="..\private\Texture.cpp">
      <Filter>01.Utility\02. Components\05.Texture</Filter>
    </ClCompile>
    <ClCompile Include="..\private\RootSignature.cpp">
      <Filter>00.Systems\03.RootSignature\임시루트시그니쳐</Filter>
    </ClCompile>
  </ItemGroup>
</Project>