<?xml version="1.0" encoding="utf-8"?>
<Project ToolsVersion="4.0" xmlns="http://schemas.microsoft.com/developer/msbuild/2003">
  <ItemGroup>
    <Filter Include="99.Headers">
      <UniqueIdentifier>{228a1bec-9c92-49c8-9e9b-af27ee41f697}</UniqueIdentifier>
    </Filter>
    <Filter Include="00.MainApp">
      <UniqueIdentifier>{1a1c14c4-4e11-46d8-8bdc-2e881f1e658e}</UniqueIdentifier>
    </Filter>
    <Filter Include="리소스 파일">
      <UniqueIdentifier>{67DA6AB6-F800-4c08-8B7A-83BB121AAD01}</UniqueIdentifier>
      <Extensions>rc;ico;cur;bmp;dlg;rc2;rct;bin;rgs;gif;jpg;jpeg;jpe;resx;tiff;tif;png;wav;mfcribbon-ms</Extensions>
    </Filter>
    <Filter Include="99.Headers\Default">
      <UniqueIdentifier>{62d61cc5-3270-4402-a58f-3dd1d11dcca7}</UniqueIdentifier>
    </Filter>
    <Filter Include="01.RenderObject">
      <UniqueIdentifier>{f51913f8-2105-4e3e-9076-21c5c97f4441}</UniqueIdentifier>
    </Filter>
    <Filter Include="99.ShaderFiles">
      <UniqueIdentifier>{89307e67-8956-4072-a055-f2e5bc87e164}</UniqueIdentifier>
    </Filter>
    <Filter Include="01.RenderObject\00.BaseBoxObj">
      <UniqueIdentifier>{6d3d56b2-2d49-401f-92bb-b65d29788b7c}</UniqueIdentifier>
    </Filter>
    <Filter Include="01.RenderObject\01.Terrain">
      <UniqueIdentifier>{36153a7d-138b-4bab-ba88-3629f64da92d}</UniqueIdentifier>
    </Filter>
    <Filter Include="01.RenderObject\02.Tank">
      <UniqueIdentifier>{1bde1caf-cd3e-4921-9225-209a728b1460}</UniqueIdentifier>
    </Filter>
    <Filter Include="01.RenderObject\Players">
      <UniqueIdentifier>{ae3e87e3-0eb5-4998-8355-1dab9468f71b}</UniqueIdentifier>
    </Filter>
    <Filter Include="98.ForServer">
      <UniqueIdentifier>{05fdf984-b6d7-4bca-b5d0-bc39d8027973}</UniqueIdentifier>
    </Filter>
    <Filter Include="98.ForServer\PacketHandler">
      <UniqueIdentifier>{5865f904-6715-4fec-ac01-84921af95007}</UniqueIdentifier>
    </Filter>
    <Filter Include="98.ForServer\ServiceManager">
      <UniqueIdentifier>{35a31056-9d75-4b76-9188-57a3d930fc09}</UniqueIdentifier>
    </Filter>
  </ItemGroup>
  <ItemGroup>
    <ClInclude Include="framework.h">
      <Filter>99.Headers\Default</Filter>
    </ClInclude>
    <ClInclude Include="Resource.h">
      <Filter>99.Headers\Default</Filter>
    </ClInclude>
    <ClInclude Include="targetver.h">
      <Filter>99.Headers\Default</Filter>
    </ClInclude>
    <ClInclude Include="..\Public\MainApp.h">
      <Filter>00.MainApp</Filter>
    </ClInclude>
    <ClInclude Include="..\Public\BoxObj.h">
      <Filter>01.RenderObject\00.BaseBoxObj</Filter>
    </ClInclude>
    <ClInclude Include="..\public\Terrain.h">
      <Filter>01.RenderObject\01.Terrain</Filter>
    </ClInclude>
    <ClInclude Include="..\public\Tank.h">
      <Filter>01.RenderObject\02.Tank</Filter>
    </ClInclude>
    <ClInclude Include="..\public\Player.h">
      <Filter>01.RenderObject\Players</Filter>
    </ClInclude>
    <ClInclude Include="pch.h" />
    <ClInclude Include="..\Public\ClientPacketHandler.h">
      <Filter>98.ForServer\PacketHandler</Filter>
    </ClInclude>
    <ClInclude Include="..\Public\ServiceManager.h">
      <Filter>98.ForServer\ServiceManager</Filter>
    </ClInclude>
    <ClInclude Include="Globals.h">
      <Filter>99.Headers</Filter>
    </ClInclude>
    <ClInclude Include="..\Public\Client_Defines.h">
      <Filter>99.Headers\Default</Filter>
    </ClInclude>
  </ItemGroup>
  <ItemGroup>
    <ResourceCompile Include="Client.rc">
      <Filter>리소스 파일</Filter>
    </ResourceCompile>
  </ItemGroup>
  <ItemGroup>
    <Image Include="small.ico">
      <Filter>리소스 파일</Filter>
    </Image>
    <Image Include="Client.ico">
      <Filter>리소스 파일</Filter>
    </Image>
  </ItemGroup>
  <ItemGroup>
    <ClCompile Include="..\Private\MainApp.cpp">
      <Filter>00.MainApp</Filter>
    </ClCompile>
    <ClCompile Include="..\Private\BoxObj.cpp">
      <Filter>01.RenderObject\00.BaseBoxObj</Filter>
    </ClCompile>
    <ClCompile Include="..\private\Terrain.cpp">
      <Filter>01.RenderObject\01.Terrain</Filter>
    </ClCompile>
    <ClCompile Include="..\private\Tank.cpp">
      <Filter>01.RenderObject\02.Tank</Filter>
    </ClCompile>
    <ClCompile Include="..\private\Player.cpp">
      <Filter>01.RenderObject\Players</Filter>
    </ClCompile>
    <ClCompile Include="pch.cpp" />
    <ClCompile Include="..\Private\ClientPacketHandler.cpp">
      <Filter>98.ForServer\PacketHandler</Filter>
    </ClCompile>
    <ClCompile Include="..\Private\ServiceManager.cpp">
      <Filter>98.ForServer\ServiceManager</Filter>
    </ClCompile>
  </ItemGroup>
  <ItemGroup>
    <Text Include="PacketProtocol.txt">
      <Filter>98.ForServer</Filter>
    </Text>
  </ItemGroup>
</Project>