<?xml version="1.0" encoding="utf-8"?>
<Project ToolsVersion="4.0" xmlns="http://schemas.microsoft.com/developer/msbuild/2003">
  <ItemGroup>
    <Filter Include="Main">
      <UniqueIdentifier>{e8dccf15-3bdd-4854-8dd2-f0ba5d770abc}</UniqueIdentifier>
    </Filter>
    <Filter Include="Utils">
      <UniqueIdentifier>{37e6aaa6-0769-426b-aa67-d42e60cd791c}</UniqueIdentifier>
    </Filter>
    <Filter Include="Object_Manager">
      <UniqueIdentifier>{f1d23f28-0538-454c-9115-d618f16e9707}</UniqueIdentifier>
    </Filter>
    <Filter Include="Session_Manager">
      <UniqueIdentifier>{78a796ef-f47a-4dba-b022-ec167f420ade}</UniqueIdentifier>
    </Filter>
    <Filter Include="Utils\Packet_Handler">
      <UniqueIdentifier>{7b3df59d-149a-4fb9-b6d7-441b305d79fd}</UniqueIdentifier>
    </Filter>
    <Filter Include="Room_Manager">
      <UniqueIdentifier>{8855e147-e9ec-4782-9ddf-d06d80588d6e}</UniqueIdentifier>
    </Filter>
    <Filter Include="Object_Manager\GameObjects">
      <UniqueIdentifier>{2fd43faf-b1f9-448e-991c-3782b2110a37}</UniqueIdentifier>
    </Filter>
    <Filter Include="Object_Manager\GameObjects\Tank">
      <UniqueIdentifier>{ee61a507-c2ff-4ce2-8437-03c65edb8624}</UniqueIdentifier>
    </Filter>
    <Filter Include="Room_Manager\Player">
      <UniqueIdentifier>{0e7a3f43-80d0-4e28-84e9-ae350855d39f}</UniqueIdentifier>
    </Filter>
  </ItemGroup>
  <ItemGroup>
    <ClCompile Include="GameServer.cpp">
      <Filter>Main</Filter>
    </ClCompile>
    <ClCompile Include="pch.cpp">
      <Filter>Utils</Filter>
    </ClCompile>
    <ClCompile Include="ClientSession.cpp">
      <Filter>Session_Manager</Filter>
    </ClCompile>
    <ClCompile Include="ClientSessionManager.cpp">
      <Filter>Session_Manager</Filter>
    </ClCompile>
    <ClCompile Include="ServerPacketHandler.cpp">
      <Filter>Utils\Packet_Handler</Filter>
    </ClCompile>
    <ClCompile Include="Room.cpp">
      <Filter>Room_Manager</Filter>
    </ClCompile>
    <ClCompile Include="Tank.cpp">
      <Filter>Object_Manager\GameObjects\Tank</Filter>
    </ClCompile>
    <ClCompile Include="ObjectManager.cpp">
      <Filter>Object_Manager</Filter>
    </ClCompile>
    <ClCompile Include="GameObject.cpp">
      <Filter>Object_Manager\GameObjects</Filter>
    </ClCompile>
    <ClCompile Include="Player.cpp">
      <Filter>Room_Manager\Player</Filter>
    </ClCompile>
    <ClCompile Include="SGlobal.cpp" />
  </ItemGroup>
  <ItemGroup>
    <ClInclude Include="pch.h">
      <Filter>Utils</Filter>
    </ClInclude>
    <ClInclude Include="ClientSession.h">
      <Filter>Session_Manager</Filter>
    </ClInclude>
    <ClInclude Include="ClientSessionManager.h">
      <Filter>Session_Manager</Filter>
    </ClInclude>
    <ClInclude Include="ServerPacketHandler.h">
      <Filter>Utils\Packet_Handler</Filter>
    </ClInclude>
    <ClInclude Include="Room.h">
      <Filter>Room_Manager</Filter>
    </ClInclude>
    <ClInclude Include="Tank.h">
      <Filter>Object_Manager\GameObjects\Tank</Filter>
    </ClInclude>
    <ClInclude Include="ObjectManager.h">
      <Filter>Object_Manager</Filter>
    </ClInclude>
    <ClInclude Include="GameObject.h">
      <Filter>Object_Manager\GameObjects</Filter>
    </ClInclude>
    <ClInclude Include="Define.h">
      <Filter>Utils</Filter>
    </ClInclude>
    <ClInclude Include="Player.h">
      <Filter>Room_Manager\Player</Filter>
    </ClInclude>
    <ClInclude Include="AbstractFactory.h">
      <Filter>Utils</Filter>
    </ClInclude>
    <ClInclude Include="SGlobal.h" />
  </ItemGroup>
</Project>